
Microsoft Visual Studio Solution File, Format Version 12.00
# Visual Studio 15
VisualStudioVersion = 15.0.28307.645
MinimumVisualStudioVersion = 10.0.40219.1
Project("{FAE04EC0-301F-11D3-BF4B-00C04F79EFBC}") = "AHD", "AHD\AHD.csproj", "{DD6ABA46-D395-494E-9E8E-5389BBAA83BD}"
EndProject
Project("{FAE04EC0-301F-11D3-BF4B-00C04F79EFBC}") = "NeuRequest", "NeuRequest\NeuRequest.csproj", "{2C17F127-E867-49CB-AC7E-EBFB02B4093E}"
EndProject
Project("{FAE04EC0-301F-11D3-BF4B-00C04F79EFBC}") = "NeuAHD", "NeuAHD\NeuAHD.csproj", "{0F9AF54A-B992-4338-9BB2-C88DC4FF120A}"
EndProject
Project("{FAE04EC0-301F-11D3-BF4B-00C04F79EFBC}") = "SignalRDbUpdates", "D:\signalr\signalrdatabasenotifications\SignalRDbUpdates\SignalRDbUpdates.csproj", "{9051592F-607A-4EA1-AD38-0BD3E1D81B31}"
EndProject
Project("{FAE04EC0-301F-11D3-BF4B-00C04F79EFBC}") = "MailTest", "MailTest\MailTest.csproj", "{4049DA67-75DF-4741-81A6-17401AD8E36E}"
EndProject
Project("{FAE04EC0-301F-11D3-BF4B-00C04F79EFBC}") = "ContosoUniversity", "D:\sampleprojects\C#\ContosoUniversity\ContosoUniversity.csproj", "{264E21D6-4024-4A53-B1BE-1CD42F3348FE}"
EndProject
Project("{FAE04EC0-301F-11D3-BF4B-00C04F79EFBC}") = "EF_MF", "EF_MF\EF_MF.csproj", "{6D5B8725-06F8-4BD0-9449-6353B70582DA}"
EndProject
Project("{FAE04EC0-301F-11D3-BF4B-00C04F79EFBC}") = "EF_DBF", "EF_DBF\EF_DBF.csproj", "{01E5978E-CB49-475B-AE1A-EE950D44110C}"
EndProject
Project("{FAE04EC0-301F-11D3-BF4B-00C04F79EFBC}") = "Req", "Req\Req.csproj", "{F55D6457-604A-4FB0-AB5F-1BEF7344DB92}"
EndProject
Project("{9A19103F-16F7-4668-BE54-9A1E7A4F7556}") = "ReactDemo1", "ReactDemo1\ReactDemo1.csproj", "{406D5F07-7F52-4FB6-94DE-3F745AE094E7}"
EndProject
Project("{9A19103F-16F7-4668-BE54-9A1E7A4F7556}") = "ReactDemo2", "ReactDemo2\ReactDemo2.csproj", "{9DEC9027-D7D6-4C7D-B440-463F5070BFF2}"
EndProject
Project("{9A19103F-16F7-4668-BE54-9A1E7A4F7556}") = "ReactDemo3", "ReactDemo3\ReactDemo3.csproj", "{0BE6CBF0-0563-48E4-8318-DF0ED9904065}"
EndProject
Project("{9A19103F-16F7-4668-BE54-9A1E7A4F7556}") = "NetCoreReactAzureAD", "D:\react\react-netcore-azuread-starter\NetCoreReactAzureAD.csproj", "{819CC819-A9C0-4D19-AAC6-7CB79A8EABAC}"
EndProject
Project("{9A19103F-16F7-4668-BE54-9A1E7A4F7556}") = "core3", "D:\react\core3\core3.csproj", "{37539091-1520-47BB-B991-8DDFCD3E6289}"
EndProject
Project("{9A19103F-16F7-4668-BE54-9A1E7A4F7556}") = "Adal", "Adal\Adal.csproj", "{E4B96374-E610-4BC3-B96B-9F2C47DDB2F5}"
EndProject
Project("{9A19103F-16F7-4668-BE54-9A1E7A4F7556}") = "HCMApi", "HCMApi\HCMApi.csproj", "{B258F9D7-CC51-4CFC-A58F-B075A7ADFA93}"
EndProject
Project("{9A19103F-16F7-4668-BE54-9A1E7A4F7556}") = "MicrosoftGraphAspNetCoreConnectSample", "D:\react\adal\graph\aspnetcore-connect-sample-master\MicrosoftGraphAspNetCoreConnectSample\MicrosoftGraphAspNetCoreConnectSample.csproj", "{860EC223-5270-4BD9-838C-BDE1A3101925}"
EndProject
Project("{FAE04EC0-301F-11D3-BF4B-00C04F79EFBC}") = "ActiveDirect", "ActiveDirect\ActiveDirect.csproj", "{F1FAD264-A560-45E4-9B85-D72F7C0714AA}"
EndProject
Project("{FAE04EC0-301F-11D3-BF4B-00C04F79EFBC}") = "console-csharp-connect-sample", "D:\graphapi\console-csharp-connect-sample-master\console-csharp-connect-sample\console-csharp-connect-sample.csproj", "{DF76DFE5-5ECB-41CB-8E85-D7763225E15C}"
EndProject
Project("{FAE04EC0-301F-11D3-BF4B-00C04F79EFBC}") = "console-csharp-snippets-sample", "D:\graphapi\console-csharp-snippets-sample-master\console-csharp-snippets-sample\console-csharp-snippets-sample.csproj", "{6A3A724C-5985-494F-9FFE-2C1DD10E789F}"
EndProject
Project("{FAE04EC0-301F-11D3-BF4B-00C04F79EFBC}") = "HCMApiPlayground", "HCMApiPlayground\HCMApiPlayground.csproj", "{FE7B41EE-6AAB-4DC5-9028-C22393C9F27A}"
EndProject
Project("{FAE04EC0-301F-11D3-BF4B-00C04F79EFBC}") = "ActiveDirUsers", "ActiveDirUsers\ActiveDirUsers.csproj", "{C566DFFD-AD31-482D-924C-014B07753C95}"
EndProject
Project("{FAE04EC0-301F-11D3-BF4B-00C04F79EFBC}") = "AccountManagementGUI", "D:\sampleProject\AccountManagement\AccountManagementGUI\AccountManagementGUI.csproj", "{AA1CCA1C-BCA8-4BCE-8EA9-14F62A4D0CF9}"
EndProject
Global
	GlobalSection(SolutionConfigurationPlatforms) = preSolution
		Debug|Any CPU = Debug|Any CPU
		Release|Any CPU = Release|Any CPU
	EndGlobalSection
	GlobalSection(ProjectConfigurationPlatforms) = postSolution
		{DD6ABA46-D395-494E-9E8E-5389BBAA83BD}.Debug|Any CPU.ActiveCfg = Debug|Any CPU
		{DD6ABA46-D395-494E-9E8E-5389BBAA83BD}.Debug|Any CPU.Build.0 = Debug|Any CPU
		{DD6ABA46-D395-494E-9E8E-5389BBAA83BD}.Release|Any CPU.ActiveCfg = Release|Any CPU
		{DD6ABA46-D395-494E-9E8E-5389BBAA83BD}.Release|Any CPU.Build.0 = Release|Any CPU
		{2C17F127-E867-49CB-AC7E-EBFB02B4093E}.Debug|Any CPU.ActiveCfg = Debug|Any CPU
		{2C17F127-E867-49CB-AC7E-EBFB02B4093E}.Debug|Any CPU.Build.0 = Debug|Any CPU
		{2C17F127-E867-49CB-AC7E-EBFB02B4093E}.Release|Any CPU.ActiveCfg = Release|Any CPU
		{2C17F127-E867-49CB-AC7E-EBFB02B4093E}.Release|Any CPU.Build.0 = Release|Any CPU
		{0F9AF54A-B992-4338-9BB2-C88DC4FF120A}.Debug|Any CPU.ActiveCfg = Debug|Any CPU
		{0F9AF54A-B992-4338-9BB2-C88DC4FF120A}.Debug|Any CPU.Build.0 = Debug|Any CPU
		{0F9AF54A-B992-4338-9BB2-C88DC4FF120A}.Release|Any CPU.ActiveCfg = Release|Any CPU
		{0F9AF54A-B992-4338-9BB2-C88DC4FF120A}.Release|Any CPU.Build.0 = Release|Any CPU
		{9051592F-607A-4EA1-AD38-0BD3E1D81B31}.Debug|Any CPU.ActiveCfg = Debug|Any CPU
		{9051592F-607A-4EA1-AD38-0BD3E1D81B31}.Debug|Any CPU.Build.0 = Debug|Any CPU
		{9051592F-607A-4EA1-AD38-0BD3E1D81B31}.Release|Any CPU.ActiveCfg = Release|Any CPU
		{9051592F-607A-4EA1-AD38-0BD3E1D81B31}.Release|Any CPU.Build.0 = Release|Any CPU
		{4049DA67-75DF-4741-81A6-17401AD8E36E}.Debug|Any CPU.ActiveCfg = Debug|Any CPU
		{4049DA67-75DF-4741-81A6-17401AD8E36E}.Debug|Any CPU.Build.0 = Debug|Any CPU
		{4049DA67-75DF-4741-81A6-17401AD8E36E}.Release|Any CPU.ActiveCfg = Release|Any CPU
		{4049DA67-75DF-4741-81A6-17401AD8E36E}.Release|Any CPU.Build.0 = Release|Any CPU
		{264E21D6-4024-4A53-B1BE-1CD42F3348FE}.Debug|Any CPU.ActiveCfg = Debug|Any CPU
		{264E21D6-4024-4A53-B1BE-1CD42F3348FE}.Debug|Any CPU.Build.0 = Debug|Any CPU
		{264E21D6-4024-4A53-B1BE-1CD42F3348FE}.Release|Any CPU.ActiveCfg = Release|Any CPU
		{264E21D6-4024-4A53-B1BE-1CD42F3348FE}.Release|Any CPU.Build.0 = Release|Any CPU
		{6D5B8725-06F8-4BD0-9449-6353B70582DA}.Debug|Any CPU.ActiveCfg = Debug|Any CPU
		{6D5B8725-06F8-4BD0-9449-6353B70582DA}.Debug|Any CPU.Build.0 = Debug|Any CPU
		{6D5B8725-06F8-4BD0-9449-6353B70582DA}.Release|Any CPU.ActiveCfg = Release|Any CPU
		{6D5B8725-06F8-4BD0-9449-6353B70582DA}.Release|Any CPU.Build.0 = Release|Any CPU
		{01E5978E-CB49-475B-AE1A-EE950D44110C}.Debug|Any CPU.ActiveCfg = Debug|Any CPU
		{01E5978E-CB49-475B-AE1A-EE950D44110C}.Debug|Any CPU.Build.0 = Debug|Any CPU
		{01E5978E-CB49-475B-AE1A-EE950D44110C}.Release|Any CPU.ActiveCfg = Release|Any CPU
		{01E5978E-CB49-475B-AE1A-EE950D44110C}.Release|Any CPU.Build.0 = Release|Any CPU
		{F55D6457-604A-4FB0-AB5F-1BEF7344DB92}.Debug|Any CPU.ActiveCfg = Debug|Any CPU
		{F55D6457-604A-4FB0-AB5F-1BEF7344DB92}.Debug|Any CPU.Build.0 = Debug|Any CPU
		{F55D6457-604A-4FB0-AB5F-1BEF7344DB92}.Release|Any CPU.ActiveCfg = Release|Any CPU
		{F55D6457-604A-4FB0-AB5F-1BEF7344DB92}.Release|Any CPU.Build.0 = Release|Any CPU
		{406D5F07-7F52-4FB6-94DE-3F745AE094E7}.Debug|Any CPU.ActiveCfg = Debug|Any CPU
		{406D5F07-7F52-4FB6-94DE-3F745AE094E7}.Debug|Any CPU.Build.0 = Debug|Any CPU
		{406D5F07-7F52-4FB6-94DE-3F745AE094E7}.Release|Any CPU.ActiveCfg = Release|Any CPU
		{406D5F07-7F52-4FB6-94DE-3F745AE094E7}.Release|Any CPU.Build.0 = Release|Any CPU
		{9DEC9027-D7D6-4C7D-B440-463F5070BFF2}.Debug|Any CPU.ActiveCfg = Debug|Any CPU
		{9DEC9027-D7D6-4C7D-B440-463F5070BFF2}.Debug|Any CPU.Build.0 = Debug|Any CPU
		{9DEC9027-D7D6-4C7D-B440-463F5070BFF2}.Release|Any CPU.ActiveCfg = Release|Any CPU
		{9DEC9027-D7D6-4C7D-B440-463F5070BFF2}.Release|Any CPU.Build.0 = Release|Any CPU
		{0BE6CBF0-0563-48E4-8318-DF0ED9904065}.Debug|Any CPU.ActiveCfg = Debug|Any CPU
		{0BE6CBF0-0563-48E4-8318-DF0ED9904065}.Debug|Any CPU.Build.0 = Debug|Any CPU
		{0BE6CBF0-0563-48E4-8318-DF0ED9904065}.Release|Any CPU.ActiveCfg = Release|Any CPU
		{0BE6CBF0-0563-48E4-8318-DF0ED9904065}.Release|Any CPU.Build.0 = Release|Any CPU
		{819CC819-A9C0-4D19-AAC6-7CB79A8EABAC}.Debug|Any CPU.ActiveCfg = Debug|Any CPU
		{819CC819-A9C0-4D19-AAC6-7CB79A8EABAC}.Debug|Any CPU.Build.0 = Debug|Any CPU
		{819CC819-A9C0-4D19-AAC6-7CB79A8EABAC}.Release|Any CPU.ActiveCfg = Release|Any CPU
		{819CC819-A9C0-4D19-AAC6-7CB79A8EABAC}.Release|Any CPU.Build.0 = Release|Any CPU
		{37539091-1520-47BB-B991-8DDFCD3E6289}.Debug|Any CPU.ActiveCfg = Debug|Any CPU
		{37539091-1520-47BB-B991-8DDFCD3E6289}.Debug|Any CPU.Build.0 = Debug|Any CPU
		{37539091-1520-47BB-B991-8DDFCD3E6289}.Release|Any CPU.ActiveCfg = Release|Any CPU
		{37539091-1520-47BB-B991-8DDFCD3E6289}.Release|Any CPU.Build.0 = Release|Any CPU
		{E4B96374-E610-4BC3-B96B-9F2C47DDB2F5}.Debug|Any CPU.ActiveCfg = Debug|Any CPU
		{E4B96374-E610-4BC3-B96B-9F2C47DDB2F5}.Debug|Any CPU.Build.0 = Debug|Any CPU
		{E4B96374-E610-4BC3-B96B-9F2C47DDB2F5}.Release|Any CPU.ActiveCfg = Release|Any CPU
		{E4B96374-E610-4BC3-B96B-9F2C47DDB2F5}.Release|Any CPU.Build.0 = Release|Any CPU
		{B258F9D7-CC51-4CFC-A58F-B075A7ADFA93}.Debug|Any CPU.ActiveCfg = Debug|Any CPU
		{B258F9D7-CC51-4CFC-A58F-B075A7ADFA93}.Debug|Any CPU.Build.0 = Debug|Any CPU
		{B258F9D7-CC51-4CFC-A58F-B075A7ADFA93}.Release|Any CPU.ActiveCfg = Release|Any CPU
		{B258F9D7-CC51-4CFC-A58F-B075A7ADFA93}.Release|Any CPU.Build.0 = Release|Any CPU
		{860EC223-5270-4BD9-838C-BDE1A3101925}.Debug|Any CPU.ActiveCfg = Debug|Any CPU
		{860EC223-5270-4BD9-838C-BDE1A3101925}.Debug|Any CPU.Build.0 = Debug|Any CPU
		{860EC223-5270-4BD9-838C-BDE1A3101925}.Release|Any CPU.ActiveCfg = Release|Any CPU
		{860EC223-5270-4BD9-838C-BDE1A3101925}.Release|Any CPU.Build.0 = Release|Any CPU
		{F1FAD264-A560-45E4-9B85-D72F7C0714AA}.Debug|Any CPU.ActiveCfg = Debug|Any CPU
		{F1FAD264-A560-45E4-9B85-D72F7C0714AA}.Debug|Any CPU.Build.0 = Debug|Any CPU
		{F1FAD264-A560-45E4-9B85-D72F7C0714AA}.Release|Any CPU.ActiveCfg = Release|Any CPU
		{F1FAD264-A560-45E4-9B85-D72F7C0714AA}.Release|Any CPU.Build.0 = Release|Any CPU
		{DF76DFE5-5ECB-41CB-8E85-D7763225E15C}.Debug|Any CPU.ActiveCfg = Debug|Any CPU
		{DF76DFE5-5ECB-41CB-8E85-D7763225E15C}.Debug|Any CPU.Build.0 = Debug|Any CPU
		{DF76DFE5-5ECB-41CB-8E85-D7763225E15C}.Release|Any CPU.ActiveCfg = Release|Any CPU
		{DF76DFE5-5ECB-41CB-8E85-D7763225E15C}.Release|Any CPU.Build.0 = Release|Any CPU
		{6A3A724C-5985-494F-9FFE-2C1DD10E789F}.Debug|Any CPU.ActiveCfg = Debug|Any CPU
		{6A3A724C-5985-494F-9FFE-2C1DD10E789F}.Debug|Any CPU.Build.0 = Debug|Any CPU
		{6A3A724C-5985-494F-9FFE-2C1DD10E789F}.Release|Any CPU.ActiveCfg = Release|Any CPU
		{6A3A724C-5985-494F-9FFE-2C1DD10E789F}.Release|Any CPU.Build.0 = Release|Any CPU
		{FE7B41EE-6AAB-4DC5-9028-C22393C9F27A}.Debug|Any CPU.ActiveCfg = Debug|Any CPU
		{FE7B41EE-6AAB-4DC5-9028-C22393C9F27A}.Debug|Any CPU.Build.0 = Debug|Any CPU
		{FE7B41EE-6AAB-4DC5-9028-C22393C9F27A}.Release|Any CPU.ActiveCfg = Release|Any CPU
		{FE7B41EE-6AAB-4DC5-9028-C22393C9F27A}.Release|Any CPU.Build.0 = Release|Any CPU
		{C566DFFD-AD31-482D-924C-014B07753C95}.Debug|Any CPU.ActiveCfg = Debug|Any CPU
		{C566DFFD-AD31-482D-924C-014B07753C95}.Debug|Any CPU.Build.0 = Debug|Any CPU
		{C566DFFD-AD31-482D-924C-014B07753C95}.Release|Any CPU.ActiveCfg = Release|Any CPU
		{C566DFFD-AD31-482D-924C-014B07753C95}.Release|Any CPU.Build.0 = Release|Any CPU
		{AA1CCA1C-BCA8-4BCE-8EA9-14F62A4D0CF9}.Debug|Any CPU.ActiveCfg = Debug|Any CPU
		{AA1CCA1C-BCA8-4BCE-8EA9-14F62A4D0CF9}.Debug|Any CPU.Build.0 = Debug|Any CPU
		{AA1CCA1C-BCA8-4BCE-8EA9-14F62A4D0CF9}.Release|Any CPU.ActiveCfg = Release|Any CPU
		{AA1CCA1C-BCA8-4BCE-8EA9-14F62A4D0CF9}.Release|Any CPU.Build.0 = Release|Any CPU
	EndGlobalSection
	GlobalSection(SolutionProperties) = preSolution
		HideSolutionNode = FALSE
	EndGlobalSection
	GlobalSection(ExtensibilityGlobals) = postSolution
		SolutionGuid = {97D7D99B-1441-43B9-83DC-A529CCE1D41B}
	EndGlobalSection
EndGlobal
